# This file is autogenerated, do not edit; changes may be undone by the next 'dep ensure'.


[[projects]]
  branch = "master"
  name = "github.com/hailocab/goamz"
  packages = [
    "aws",
    "ec2",
    "exp/sns"
  ]
  revision = "805386b218269f63386672e58b18c34df7c5e480"

[solve-meta]
  analyzer-name = "dep"
  analyzer-version = 1
  inputs-digest = "99476904d8832941d5f3e6e9caab4091532c67b3c9c922c0b0b19cdd6ebb5b1c"
  solver-name = "gps-cdcl"
  solver-version = 1
